
Microsoft Visual Studio Solution File, Format Version 12.00
# Visual Studio Version 16
VisualStudioVersion = 16.0.30804.86
MinimumVisualStudioVersion = 10.0.40219.1
Project("{9A19103F-16F7-4668-BE54-9A1E7A4F7556}") = "Creational.Builder", "Creational.Builder.csproj", "{BB3DAA54-B092-41B6-9B72-195CE3264A3C}"
EndProject
Global
	GlobalSection(SolutionConfigurationPlatforms) = preSolution
		Debug|Any CPU = Debug|Any CPU
		Release|Any CPU = Release|Any CPU
	EndGlobalSection
	GlobalSection(ProjectConfigurationPlatforms) = postSolution
		{BB3DAA54-B092-41B6-9B72-195CE3264A3C}.Debug|Any CPU.ActiveCfg = Debug|Any CPU
		{BB3DAA54-B092-41B6-9B72-195CE3264A3C}.Debug|Any CPU.Build.0 = Debug|Any CPU
		{BB3DAA54-B092-41B6-9B72-195CE3264A3C}.Release|Any CPU.ActiveCfg = Release|Any CPU
		{BB3DAA54-B092-41B6-9B72-195CE3264A3C}.Release|Any CPU.Build.0 = Release|Any CPU
	EndGlobalSection
	GlobalSection(SolutionProperties) = preSolution
		HideSolutionNode = FALSE
	EndGlobalSection
	GlobalSection(ExtensibilityGlobals) = postSolution
		SolutionGuid = {E6367DCE-E9ED-4FA8-AC0D-20833D2B1A4E}
	EndGlobalSection
EndGlobal
